
Microsoft Visual Studio Solution File, Format Version 12.00
# Visual Studio Version 17
VisualStudioVersion = 17.14.37027.9 d17.14
MinimumVisualStudioVersion = 10.0.40219.1
Project("{FAE04EC0-301F-11D3-BF4B-00C04F79EFBC}") = "MemoryHelper", "MemoryHelper.csproj", "{760D1AE7-42B8-613B-4D3E-8EF36AC67976}"
EndProject
Global
	GlobalSection(SolutionConfigurationPlatforms) = preSolution
		Debug|Any CPU = Debug|Any CPU
		Release|Any CPU = Release|Any CPU
	EndGlobalSection
	GlobalSection(ProjectConfigurationPlatforms) = postSolution
		{760D1AE7-42B8-613B-4D3E-8EF36AC67976}.Debug|Any CPU.ActiveCfg = Debug|Any CPU
		{760D1AE7-42B8-613B-4D3E-8EF36AC67976}.Debug|Any CPU.Build.0 = Debug|Any CPU
		{760D1AE7-42B8-613B-4D3E-8EF36AC67976}.Release|Any CPU.ActiveCfg = Release|Any CPU
		{760D1AE7-42B8-613B-4D3E-8EF36AC67976}.Release|Any CPU.Build.0 = Release|Any CPU
	EndGlobalSection
	GlobalSection(SolutionProperties) = preSolution
		HideSolutionNode = FALSE
	EndGlobalSection
	GlobalSection(ExtensibilityGlobals) = postSolution
		SolutionGuid = {401A5C54-F326-4529-8F46-3469AFF566B1}
	EndGlobalSection
EndGlobal
